
Microsoft Visual Studio Solution File, Format Version 12.00
# Visual Studio Version 16
VisualStudioVersion = 16.0.30104.148
MinimumVisualStudioVersion = 10.0.40219.1
Project("{FAE04EC0-301F-11D3-BF4B-00C04F79EFBC}") = "DatingApp.API", "DatingApp.API\DatingApp.API.csproj", "{C22DFBCD-D206-4E70-996B-D739B8224740}"
EndProject
Global
	GlobalSection(SolutionConfigurationPlatforms) = preSolution
		Debug|Any CPU = Debug|Any CPU
		Release|Any CPU = Release|Any CPU
	EndGlobalSection
	GlobalSection(ProjectConfigurationPlatforms) = postSolution
		{C22DFBCD-D206-4E70-996B-D739B8224740}.Debug|Any CPU.ActiveCfg = Debug|Any CPU
		{C22DFBCD-D206-4E70-996B-D739B8224740}.Debug|Any CPU.Build.0 = Debug|Any CPU
		{C22DFBCD-D206-4E70-996B-D739B8224740}.Release|Any CPU.ActiveCfg = Release|Any CPU
		{C22DFBCD-D206-4E70-996B-D739B8224740}.Release|Any CPU.Build.0 = Release|Any CPU
	EndGlobalSection
	GlobalSection(SolutionProperties) = preSolution
		HideSolutionNode = FALSE
	EndGlobalSection
	GlobalSection(ExtensibilityGlobals) = postSolution
		SolutionGuid = {05E12ABF-EE1C-44C6-A97B-ED7F4C893A4B}
	EndGlobalSection
EndGlobal
